
Microsoft Visual Studio Solution File, Format Version 12.00
# Visual Studio Express 2012 for Web
Project("{FAE04EC0-301F-11D3-BF4B-00C04F79EFBC}") = "OtherControls", "OtherControls\OtherControls.csproj", "{532DF31C-C1A4-4635-84C7-BAA6440310ED}"
EndProject
Global
	GlobalSection(SolutionConfigurationPlatforms) = preSolution
		Debug|Any CPU = Debug|Any CPU
		Release|Any CPU = Release|Any CPU
	EndGlobalSection
	GlobalSection(ProjectConfigurationPlatforms) = postSolution
		{532DF31C-C1A4-4635-84C7-BAA6440310ED}.Debug|Any CPU.ActiveCfg = Debug|Any CPU
		{532DF31C-C1A4-4635-84C7-BAA6440310ED}.Debug|Any CPU.Build.0 = Debug|Any CPU
		{532DF31C-C1A4-4635-84C7-BAA6440310ED}.Release|Any CPU.ActiveCfg = Release|Any CPU
		{532DF31C-C1A4-4635-84C7-BAA6440310ED}.Release|Any CPU.Build.0 = Release|Any CPU
	EndGlobalSection
	GlobalSection(SolutionProperties) = preSolution
		HideSolutionNode = FALSE
	EndGlobalSection
EndGlobal
