
Microsoft Visual Studio Solution File, Format Version 12.00
# Visual Studio Express 2012 for Web
Project("{FAE04EC0-301F-11D3-BF4B-00C04F79EFBC}") = "ConfigFiles", "ConfigFiles\ConfigFiles.csproj", "{433616F2-D920-436D-B2A2-FB89442B0C42}"
EndProject
Global
	GlobalSection(SolutionConfigurationPlatforms) = preSolution
		Debug|Any CPU = Debug|Any CPU
		Release|Any CPU = Release|Any CPU
	EndGlobalSection
	GlobalSection(ProjectConfigurationPlatforms) = postSolution
		{433616F2-D920-436D-B2A2-FB89442B0C42}.Debug|Any CPU.ActiveCfg = Debug|Any CPU
		{433616F2-D920-436D-B2A2-FB89442B0C42}.Debug|Any CPU.Build.0 = Debug|Any CPU
		{433616F2-D920-436D-B2A2-FB89442B0C42}.Release|Any CPU.ActiveCfg = Release|Any CPU
		{433616F2-D920-436D-B2A2-FB89442B0C42}.Release|Any CPU.Build.0 = Release|Any CPU
	EndGlobalSection
	GlobalSection(SolutionProperties) = preSolution
		HideSolutionNode = FALSE
	EndGlobalSection
EndGlobal
