
Microsoft Visual Studio Solution File, Format Version 12.00
# Visual Studio Express 2012 for Web
Project("{FAE04EC0-301F-11D3-BF4B-00C04F79EFBC}") = "Controls", "Controls\Controls.csproj", "{AC240D6B-7857-4CAC-9D2F-6354420611CF}"
EndProject
Global
	GlobalSection(SolutionConfigurationPlatforms) = preSolution
		Debug|Any CPU = Debug|Any CPU
		Release|Any CPU = Release|Any CPU
	EndGlobalSection
	GlobalSection(ProjectConfigurationPlatforms) = postSolution
		{AC240D6B-7857-4CAC-9D2F-6354420611CF}.Debug|Any CPU.ActiveCfg = Debug|Any CPU
		{AC240D6B-7857-4CAC-9D2F-6354420611CF}.Debug|Any CPU.Build.0 = Debug|Any CPU
		{AC240D6B-7857-4CAC-9D2F-6354420611CF}.Release|Any CPU.ActiveCfg = Release|Any CPU
		{AC240D6B-7857-4CAC-9D2F-6354420611CF}.Release|Any CPU.Build.0 = Release|Any CPU
	EndGlobalSection
	GlobalSection(SolutionProperties) = preSolution
		HideSolutionNode = FALSE
	EndGlobalSection
EndGlobal
